// !$*UTF8*$!
{
	archiveVersion = 1;
	classes = {
	};
	objectVersion = 46;
	objects = {

/* Begin PBXBuildFile section */
		B2AC56661A683EEE00DACEAF /* main.m in Sources */ = {isa = PBXBuildFile; fileRef = B2AC56651A683EEE00DACEAF /* main.m */; };
		B2AC566E1A6851B000DACEAF /* Person.m in Sources */ = {isa = PBXBuildFile; fileRef = B2AC566D1A6851B000DACEAF /* Person.m */; };
		B2AC56711A68522D00DACEAF /* Patient.m in Sources */ = {isa = PBXBuildFile; fileRef = B2AC56701A68522D00DACEAF /* Patient.m */; };
		B2AC56741A6852B900DACEAF /* Doctor.m in Sources */ = {isa = PBXBuildFile; fileRef = B2AC56731A6852B900DACEAF /* Doctor.m */; };
		B2AC56771A685E7200DACEAF /* Prescription.m in Sources */ = {isa = PBXBuildFile; fileRef = B2AC56761A685E7200DACEAF /* Prescription.m */; };
/* End PBXBuildFile section */

/* Begin PBXCopyFilesBuildPhase section */
		B2AC56601A683EEE00DACEAF /* CopyFiles */ = {
			isa = PBXCopyFilesBuildPhase;
			buildActionMask = 2147483647;
			dstPath = /usr/share/man/man1/;
			dstSubfolderSpec = 0;
			files = (
			);
			runOnlyForDeploymentPostprocessing = 1;
		};
/* End PBXCopyFilesBuildPhase section */

/* Begin PBXFileReference section */
		B2AC56621A683EEE00DACEAF /* PatientDoctor */ = {isa = PBXFileReference; explicitFileType = "compiled.mach-o.executable"; includeInIndex = 0; path = PatientDoctor; sourceTree = BUILT_PRODUCTS_DIR; };
		B2AC56651A683EEE00DACEAF /* main.m */ = {isa = PBXFileReference; lastKnownFileType = sourcecode.c.objc; path = main.m; sourceTree = "<group>"; };
		B2AC566C1A6851B000DACEAF /* Person.h */ = {isa = PBXFileReference; fileEncoding = 4; lastKnownFileType = sourcecode.c.h; path = Person.h; sourceTree = "<group>"; };
		B2AC566D1A6851B000DACEAF /* Person.m */ = {isa = PBXFileReference; fileEncoding = 4; lastKnownFileType = sourcecode.c.objc; path = Person.m; sourceTree = "<group>"; };
		B2AC566F1A68522D00DACEAF /* Patient.h */ = {isa = PBXFileReference; fileEncoding = 4; lastKnownFileType = sourcecode.c.h; path = Patient.h; sourceTree = "<group>"; };
		B2AC56701A68522D00DACEAF /* Patient.m */ = {isa = PBXFileReference; fileEncoding = 4; lastKnownFileType = sourcecode.c.objc; path = Patient.m; sourceTree = "<group>"; };
		B2AC56721A6852B900DACEAF /* Doctor.h */ = {isa = PBXFileReference; fileEncoding = 4; lastKnownFileType = sourcecode.c.h; path = Doctor.h; sourceTree = "<group>"; };
		B2AC56731A6852B900DACEAF /* Doctor.m */ = {isa = PBXFileReference; fileEncoding = 4; lastKnownFileType = sourcecode.c.objc; path = Doctor.m; sourceTree = "<group>"; };
		B2AC56751A685E7200DACEAF /* Prescription.h */ = {isa = PBXFileReference; fileEncoding = 4; lastKnownFileType = sourcecode.c.h; path = Prescription.h; sourceTree = "<group>"; };
		B2AC56761A685E7200DACEAF /* Prescription.m */ = {isa = PBXFileReference; fileEncoding = 4; lastKnownFileType = sourcecode.c.objc; path = Prescription.m; sourceTree = "<group>"; };
/* End PBXFileReference section */

/* Begin PBXFrameworksBuildPhase section */
		B2AC565F1A683EEE00DACEAF /* Frameworks */ = {
			isa = PBXFrameworksBuildPhase;
			buildActionMask = 2147483647;
			files = (
			);
			runOnlyForDeploymentPostprocessing = 0;
		};
/* End PBXFrameworksBuildPhase section */

/* Begin PBXGroup section */
		B2AC56591A683EEE00DACEAF = {
			isa = PBXGroup;
			children = (
				B2AC56641A683EEE00DACEAF /* PatientDoctor */,
				B2AC56631A683EEE00DACEAF /* Products */,
			);
			sourceTree = "<group>";
		};
		B2AC56631A683EEE00DACEAF /* Products */ = {
			isa = PBXGroup;
			children = (
				B2AC56621A683EEE00DACEAF /* PatientDoctor */,
			);
			name = Products;
			sourceTree = "<group>";
		};
		B2AC56641A683EEE00DACEAF /* PatientDoctor */ = {
			isa = PBXGroup;
			children = (
				B2AC56651A683EEE00DACEAF /* main.m */,
				B2AC566C1A6851B000DACEAF /* Person.h */,
				B2AC566D1A6851B000DACEAF /* Person.m */,
				B2AC566F1A68522D00DACEAF /* Patient.h */,
				B2AC56701A68522D00DACEAF /* Patient.m */,
				B2AC56721A6852B900DACEAF /* Doctor.h */,
				B2AC56731A6852B900DACEAF /* Doctor.m */,
				B2AC56751A685E7200DACEAF /* Prescription.h */,
				B2AC56761A685E7200DACEAF /* Prescription.m */,
			);
			path = PatientDoctor;
			sourceTree = "<group>";
		};
/* End PBXGroup section */

/* Begin PBXNativeTarget section */
		B2AC56611A683EEE00DACEAF /* PatientDoctor */ = {
			isa = PBXNativeTarget;
			buildConfigurationList = B2AC56691A683EEE00DACEAF /* Build configuration list for PBXNativeTarget "PatientDoctor" */;
			buildPhases = (
				B2AC565E1A683EEE00DACEAF /* Sources */,
				B2AC565F1A683EEE00DACEAF /* Frameworks */,
				B2AC56601A683EEE00DACEAF /* CopyFiles */,
			);
			buildRules = (
			);
			dependencies = (
			);
			name = PatientDoctor;
			productName = PatientDoctor;
			productReference = B2AC56621A683EEE00DACEAF /* PatientDoctor */;
			productType = "com.apple.product-type.tool";
		};
/* End PBXNativeTarget section */

/* Begin PBXProject section */
		B2AC565A1A683EEE00DACEAF /* Project object */ = {
			isa = PBXProject;
			attributes = {
				LastUpgradeCheck = 0610;
				ORGANIZATIONNAME = "Empath Solutions";
				TargetAttributes = {
					B2AC56611A683EEE00DACEAF = {
						CreatedOnToolsVersion = 6.1.1;
					};
				};
			};
			buildConfigurationList = B2AC565D1A683EEE00DACEAF /* Build configuration list for PBXProject "PatientDoctor" */;
			compatibilityVersion = "Xcode 3.2";
			developmentRegion = English;
			hasScannedForEncodings = 0;
			knownRegions = (
				en,
			);
			mainGroup = B2AC56591A683EEE00DACEAF;
			productRefGroup = B2AC56631A683EEE00DACEAF /* Products */;
			projectDirPath = "";
			projectRoot = "";
			targets = (
				B2AC56611A683EEE00DACEAF /* PatientDoctor */,
			);
		};
/* End PBXProject section */

/* Begin PBXSourcesBuildPhase section */
		B2AC565E1A683EEE00DACEAF /* Sources */ = {
			isa = PBXSourcesBuildPhase;
			buildActionMask = 2147483647;
			files = (
				B2AC56711A68522D00DACEAF /* Patient.m in Sources */,
				B2AC566E1A6851B000DACEAF /* Person.m in Sources */,
				B2AC56741A6852B900DACEAF /* Doctor.m in Sources */,
				B2AC56661A683EEE00DACEAF /* main.m in Sources */,
				B2AC56771A685E7200DACEAF /* Prescription.m in Sources */,
			);
			runOnlyForDeploymentPostprocessing = 0;
		};
/* End PBXSourcesBuildPhase section */

/* Begin XCBuildConfiguration section */
		B2AC56671A683EEE00DACEAF /* Debug */ = {
			isa = XCBuildConfiguration;
			buildSettings = {
				ALWAYS_SEARCH_USER_PATHS = NO;
				CLANG_CXX_LANGUAGE_STANDARD = "gnu++0x";
				CLANG_CXX_LIBRARY = "libc++";
				CLANG_ENABLE_MODULES = YES;
				CLANG_ENABLE_OBJC_ARC = YES;
				CLANG_WARN_BOOL_CONVERSION = YES;
				CLANG_WARN_CONSTANT_CONVERSION = YES;
				CLANG_WARN_DIRECT_OBJC_ISA_USAGE = YES_ERROR;
				CLANG_WARN_EMPTY_BODY = YES;
				CLANG_WARN_ENUM_CONVERSION = YES;
				CLANG_WARN_INT_CONVERSION = YES;
				CLANG_WARN_OBJC_ROOT_CLASS = YES_ERROR;
				CLANG_WARN_UNREACHABLE_CODE = YES;
				CLANG_WARN__DUPLICATE_METHOD_MATCH = YES;
				COPY_PHASE_STRIP = NO;
				ENABLE_STRICT_OBJC_MSGSEND = YES;
				GCC_C_LANGUAGE_STANDARD = gnu99;
				GCC_DYNAMIC_NO_PIC = NO;
				GCC_OPTIMIZATION_LEVEL = 0;
				GCC_PREPROCESSOR_DEFINITIONS = (
					"DEBUG=1",
					"$(inherited)",
				);
				GCC_SYMBOLS_PRIVATE_EXTERN = NO;
				GCC_WARN_64_TO_32_BIT_CONVERSION = YES;
				GCC_WARN_ABOUT_RETURN_TYPE = YES_ERROR;
				GCC_WARN_UNDECLARED_SELECTOR = YES;
				GCC_WARN_UNINITIALIZED_AUTOS = YES_AGGRESSIVE;
				GCC_WARN_UNUSED_FUNCTION = YES;
				GCC_WARN_UNUSED_VARIABLE = YES;
				MACOSX_DEPLOYMENT_TARGET = 10.10;
				MTL_ENABLE_DEBUG_INFO = YES;
				ONLY_ACTIVE_ARCH = YES;
				SDKROOT = macosx;
			};
			name = Debug;
		};
		B2AC56681A683EEE00DACEAF /* Release */ = {
			isa = XCBuildConfiguration;
			buildSettings = {
				ALWAYS_SEARCH_USER_PATHS = NO;
				CLANG_CXX_LANGUAGE_STANDARD = "gnu++0x";
				CLANG_CXX_LIBRARY = "libc++";
				CLANG_ENABLE_MODULES = YES;
				CLANG_ENABLE_OBJC_ARC = YES;
				CLANG_WARN_BOOL_CONVERSION = YES;
				CLANG_WARN_CONSTANT_CONVERSION = YES;
				CLANG_WARN_DIRECT_OBJC_ISA_USAGE = YES_ERROR;
				CLANG_WARN_EMPTY_BODY = YES;
				CLANG_WARN_ENUM_CONVERSION = YES;
				CLANG_WARN_INT_CONVERSION = YES;
				CLANG_WARN_OBJC_ROOT_CLASS = YES_ERROR;
				CLANG_WARN_UNREACHABLE_CODE = YES;
				CLANG_WARN__DUPLICATE_METHOD_MATCH = YES;
				COPY_PHASE_STRIP = YES;
				DEBUG_INFORMATION_FORMAT = "dwarf-with-dsym";
				ENABLE_NS_ASSERTIONS = NO;
				ENABLE_STRICT_OBJC_MSGSEND = YES;
				GCC_C_LANGUAGE_STANDARD = gnu99;
				GCC_WARN_64_TO_32_BIT_CONVERSION = YES;
				GCC_WARN_ABOUT_RETURN_TYPE = YES_ERROR;
				GCC_WARN_UNDECLARED_SELECTOR = YES;
				GCC_WARN_UNINITIALIZED_AUTOS = YES_AGGRESSIVE;
				GCC_WARN_UNUSED_FUNCTION = YES;
				GCC_WARN_UNUSED_VARIABLE = YES;
				MACOSX_DEPLOYMENT_TARGET = 10.10;
				MTL_ENABLE_DEBUG_INFO = NO;
				SDKROOT = macosx;
			};
			name = Release;
		};
		B2AC566A1A683EEE00DACEAF /* Debug */ = {
			isa = XCBuildConfiguration;
			buildSettings = {
				PRODUCT_NAME = "$(TARGET_NAME)";
			};
			name = Debug;
		};
		B2AC566B1A683EEE00DACEAF /* Release */ = {
			isa = XCBuildConfiguration;
			buildSettings = {
				PRODUCT_NAME = "$(TARGET_NAME)";
			};
			name = Release;
		};
/* End XCBuildConfiguration section */

/* Begin XCConfigurationList section */
		B2AC565D1A683EEE00DACEAF /* Build configuration list for PBXProject "PatientDoctor" */ = {
			isa = XCConfigurationList;
			buildConfigurations = (
				B2AC56671A683EEE00DACEAF /* Debug */,
				B2AC56681A683EEE00DACEAF /* Release */,
			);
			defaultConfigurationIsVisible = 0;
			defaultConfigurationName = Release;
		};
		B2AC56691A683EEE00DACEAF /* Build configuration list for PBXNativeTarget "PatientDoctor" */ = {
			isa = XCConfigurationList;
			buildConfigurations = (
				B2AC566A1A683EEE00DACEAF /* Debug */,
				B2AC566B1A683EEE00DACEAF /* Release */,
			);
			defaultConfigurationIsVisible = 0;
			defaultConfigurationName = Release;
		};
/* End XCConfigurationList section */
	};
	rootObject = B2AC565A1A683EEE00DACEAF /* Project object */;
}
